
Microsoft Visual Studio Solution File, Format Version 12.00
# Visual Studio Version 16
VisualStudioVersion = 16.0.32413.511
MinimumVisualStudioVersion = 10.0.40219.1
Project("{FAE04EC0-301F-11D3-BF4B-00C04F79EFBC}") = "ExampleApp", "ExampleApp\ExampleApp.csproj", "{A3B9FD5D-8EF9-4BC1-A9C6-5F277DA455E5}"
EndProject
Project("{FAE04EC0-301F-11D3-BF4B-00C04F79EFBC}") = "MessageLib", "MessageLib\MessageLib.csproj", "{D1AD98B4-5369-4DFA-82E4-A36B1947C9AA}"
EndProject
Project("{FAE04EC0-301F-11D3-BF4B-00C04F79EFBC}") = "ReferencePacker", "ReferencePacker\ReferencePacker.csproj", "{5F3C2665-DC7F-48C3-A406-38F3A131FFC5}"
EndProject
Project("{2150E333-8FDC-42A3-9474-1A3956D46DE8}") = "Solution Items", "Solution Items", "{C607E2D1-4F3B-4C6D-928F-78B1A42B7DB7}"
	ProjectSection(SolutionItems) = preProject
		README.md = README.md
	EndProjectSection
EndProject
Global
	GlobalSection(SolutionConfigurationPlatforms) = preSolution
		Debug|Any CPU = Debug|Any CPU
		Release|Any CPU = Release|Any CPU
	EndGlobalSection
	GlobalSection(ProjectConfigurationPlatforms) = postSolution
		{A3B9FD5D-8EF9-4BC1-A9C6-5F277DA455E5}.Debug|Any CPU.ActiveCfg = Debug|Any CPU
		{A3B9FD5D-8EF9-4BC1-A9C6-5F277DA455E5}.Debug|Any CPU.Build.0 = Debug|Any CPU
		{A3B9FD5D-8EF9-4BC1-A9C6-5F277DA455E5}.Release|Any CPU.ActiveCfg = Release|Any CPU
		{A3B9FD5D-8EF9-4BC1-A9C6-5F277DA455E5}.Release|Any CPU.Build.0 = Release|Any CPU
		{D1AD98B4-5369-4DFA-82E4-A36B1947C9AA}.Debug|Any CPU.ActiveCfg = Debug|Any CPU
		{D1AD98B4-5369-4DFA-82E4-A36B1947C9AA}.Debug|Any CPU.Build.0 = Debug|Any CPU
		{D1AD98B4-5369-4DFA-82E4-A36B1947C9AA}.Release|Any CPU.ActiveCfg = Release|Any CPU
		{D1AD98B4-5369-4DFA-82E4-A36B1947C9AA}.Release|Any CPU.Build.0 = Release|Any CPU
		{5F3C2665-DC7F-48C3-A406-38F3A131FFC5}.Debug|Any CPU.ActiveCfg = Debug|Any CPU
		{5F3C2665-DC7F-48C3-A406-38F3A131FFC5}.Debug|Any CPU.Build.0 = Debug|Any CPU
		{5F3C2665-DC7F-48C3-A406-38F3A131FFC5}.Release|Any CPU.ActiveCfg = Release|Any CPU
		{5F3C2665-DC7F-48C3-A406-38F3A131FFC5}.Release|Any CPU.Build.0 = Release|Any CPU
	EndGlobalSection
	GlobalSection(SolutionProperties) = preSolution
		HideSolutionNode = FALSE
	EndGlobalSection
	GlobalSection(ExtensibilityGlobals) = postSolution
		SolutionGuid = {F38FE3AD-9FCD-4D12-803A-D6288C370766}
	EndGlobalSection
EndGlobal
